Microsoft Visual Studio Solution File, Format Version 12.00
# Visual Studio Version 17
VisualStudioVersion = 17.13.35931.197
MinimumVisualStudioVersion = 10.0.40219.1
Project("{FAE04EC0-301F-11D3-BF4B-00C04F79EFBC}") = "Is number prime", "Is number prime.csproj", "{EC61CB39-3F9D-44B3-B889-0FA8D3CB1F0A}"
EndProject
Global
	GlobalSection(SolutionConfigurationPlatforms) = preSolution
		Debug|Any CPU = Debug|Any CPU
		Release|Any CPU = Release|Any CPU
	EndGlobalSection
	GlobalSection(ProjectConfigurationPlatforms) = postSolution
		{EC61CB39-3F9D-44B3-B889-0FA8D3CB1F0A}.Debug|Any CPU.ActiveCfg = Debug|Any CPU
		{EC61CB39-3F9D-44B3-B889-0FA8D3CB1F0A}.Debug|Any CPU.Build.0 = Debug|Any CPU
		{EC61CB39-3F9D-44B3-B889-0FA8D3CB1F0A}.Release|Any CPU.ActiveCfg = Release|Any CPU
		{EC61CB39-3F9D-44B3-B889-0FA8D3CB1F0A}.Release|Any CPU.Build.0 = Release|Any CPU
	EndGlobalSection
	GlobalSection(SolutionProperties) = preSolution
		HideSolutionNode = FALSE
	EndGlobalSection
	GlobalSection(ExtensibilityGlobals) = postSolution
		SolutionGuid = {C13B187D-C76F-4F5B-B66D-76058DD921DE}
	EndGlobalSection
EndGlobal
